
Microsoft Visual Studio Solution File, Format Version 12.00
# Visual Studio 15
Project("{FAE04EC0-301F-11D3-BF4B-00C04F79EFBC}") = "Assembly-CSharp", "Assembly-CSharp.csproj", "{FC831C38-E42D-275D-F3AA-A7A425B477AD}"
EndProject
Project("{FAE04EC0-301F-11D3-BF4B-00C04F79EFBC}") = "Assembly-CSharp-Editor", "Assembly-CSharp-Editor.csproj", "{AADCCD13-551C-3FC1-72E4-E2046F33325B}"
EndProject
Global
	GlobalSection(SolutionConfigurationPlatforms) = preSolution
		Debug|Any CPU = Debug|Any CPU
		Release|Any CPU = Release|Any CPU
	EndGlobalSection
	GlobalSection(ProjectConfigurationPlatforms) = postSolution
		{FC831C38-E42D-275D-F3AA-A7A425B477AD}.Debug|Any CPU.ActiveCfg = Debug|Any CPU
		{FC831C38-E42D-275D-F3AA-A7A425B477AD}.Debug|Any CPU.Build.0 = Debug|Any CPU
		{FC831C38-E42D-275D-F3AA-A7A425B477AD}.Release|Any CPU.ActiveCfg = Release|Any CPU
		{FC831C38-E42D-275D-F3AA-A7A425B477AD}.Release|Any CPU.Build.0 = Release|Any CPU
		{AADCCD13-551C-3FC1-72E4-E2046F33325B}.Debug|Any CPU.ActiveCfg = Debug|Any CPU
		{AADCCD13-551C-3FC1-72E4-E2046F33325B}.Debug|Any CPU.Build.0 = Debug|Any CPU
		{AADCCD13-551C-3FC1-72E4-E2046F33325B}.Release|Any CPU.ActiveCfg = Release|Any CPU
		{AADCCD13-551C-3FC1-72E4-E2046F33325B}.Release|Any CPU.Build.0 = Release|Any CPU
	EndGlobalSection
	GlobalSection(SolutionProperties) = preSolution
		HideSolutionNode = FALSE
	EndGlobalSection
EndGlobal
